
Microsoft Visual Studio Solution File, Format Version 12.00
# Visual Studio Version 17
VisualStudioVersion = 17.14.36414.22 d17.14
MinimumVisualStudioVersion = 10.0.40219.1
Project("{FAE04EC0-301F-11D3-BF4B-00C04F79EFBC}") = "InventoryManagementSystem", "InventoryManagementSystem\InventoryManagementSystem.csproj", "{D423DA37-3426-4D93-BA9A-973BA7C17A01}"
EndProject
Global
	GlobalSection(SolutionConfigurationPlatforms) = preSolution
		Debug|Any CPU = Debug|Any CPU
		Release|Any CPU = Release|Any CPU
	EndGlobalSection
	GlobalSection(ProjectConfigurationPlatforms) = postSolution
		{D423DA37-3426-4D93-BA9A-973BA7C17A01}.Debug|Any CPU.ActiveCfg = Debug|Any CPU
		{D423DA37-3426-4D93-BA9A-973BA7C17A01}.Debug|Any CPU.Build.0 = Debug|Any CPU
		{D423DA37-3426-4D93-BA9A-973BA7C17A01}.Release|Any CPU.ActiveCfg = Release|Any CPU
		{D423DA37-3426-4D93-BA9A-973BA7C17A01}.Release|Any CPU.Build.0 = Release|Any CPU
	EndGlobalSection
	GlobalSection(SolutionProperties) = preSolution
		HideSolutionNode = FALSE
	EndGlobalSection
	GlobalSection(ExtensibilityGlobals) = postSolution
		SolutionGuid = {CB77FE35-DF98-402E-A9E9-A44A3F52584F}
	EndGlobalSection
EndGlobal
